
Microsoft Visual Studio Solution File, Format Version 12.00
# Visual Studio 15
VisualStudioVersion = 15.0.28307.572
MinimumVisualStudioVersion = 10.0.40219.1
Project("{8BC9CEB8-8B4A-11D0-8D11-00A0C91BC942}") = "Blackjack", "Blackjack.vcxproj", "{83406483-3A44-4C82-9A90-05606A9C00F6}"
EndProject
Global
	GlobalSection(SolutionConfigurationPlatforms) = preSolution
		Debug|x64 = Debug|x64
		Debug|x86 = Debug|x86
		Release|x64 = Release|x64
		Release|x86 = Release|x86
	EndGlobalSection
	GlobalSection(ProjectConfigurationPlatforms) = postSolution
		{83406483-3A44-4C82-9A90-05606A9C00F6}.Debug|x64.ActiveCfg = Debug|x64
		{83406483-3A44-4C82-9A90-05606A9C00F6}.Debug|x64.Build.0 = Debug|x64
		{83406483-3A44-4C82-9A90-05606A9C00F6}.Debug|x86.ActiveCfg = Debug|Win32
		{83406483-3A44-4C82-9A90-05606A9C00F6}.Debug|x86.Build.0 = Debug|Win32
		{83406483-3A44-4C82-9A90-05606A9C00F6}.Release|x64.ActiveCfg = Release|x64
		{83406483-3A44-4C82-9A90-05606A9C00F6}.Release|x64.Build.0 = Release|x64
		{83406483-3A44-4C82-9A90-05606A9C00F6}.Release|x86.ActiveCfg = Release|Win32
		{83406483-3A44-4C82-9A90-05606A9C00F6}.Release|x86.Build.0 = Release|Win32
	EndGlobalSection
	GlobalSection(SolutionProperties) = preSolution
		HideSolutionNode = FALSE
	EndGlobalSection
	GlobalSection(ExtensibilityGlobals) = postSolution
		SolutionGuid = {E808CEE0-9471-4FFD-8F13-7F56C734CF44}
	EndGlobalSection
EndGlobal
